
Microsoft Visual Studio Solution File, Format Version 12.00
# Visual Studio Version 16
VisualStudioVersion = 16.0.31702.278
MinimumVisualStudioVersion = 10.0.40219.1
Project("{8BC9CEB8-8B4A-11D0-8D11-00A0C91BC942}") = "ВВП.Лаб5.2", "ВВП.Лаб5.2\ВВП.Лаб5.2.vcxproj", "{BE33C7AA-8D7D-43D9-9BD4-BB2A69A33937}"
EndProject
Global
	GlobalSection(SolutionConfigurationPlatforms) = preSolution
		Debug|x64 = Debug|x64
		Debug|x86 = Debug|x86
		Release|x64 = Release|x64
		Release|x86 = Release|x86
	EndGlobalSection
	GlobalSection(ProjectConfigurationPlatforms) = postSolution
		{BE33C7AA-8D7D-43D9-9BD4-BB2A69A33937}.Debug|x64.ActiveCfg = Debug|x64
		{BE33C7AA-8D7D-43D9-9BD4-BB2A69A33937}.Debug|x64.Build.0 = Debug|x64
		{BE33C7AA-8D7D-43D9-9BD4-BB2A69A33937}.Debug|x86.ActiveCfg = Debug|Win32
		{BE33C7AA-8D7D-43D9-9BD4-BB2A69A33937}.Debug|x86.Build.0 = Debug|Win32
		{BE33C7AA-8D7D-43D9-9BD4-BB2A69A33937}.Release|x64.ActiveCfg = Release|x64
		{BE33C7AA-8D7D-43D9-9BD4-BB2A69A33937}.Release|x64.Build.0 = Release|x64
		{BE33C7AA-8D7D-43D9-9BD4-BB2A69A33937}.Release|x86.ActiveCfg = Release|Win32
		{BE33C7AA-8D7D-43D9-9BD4-BB2A69A33937}.Release|x86.Build.0 = Release|Win32
	EndGlobalSection
	GlobalSection(SolutionProperties) = preSolution
		HideSolutionNode = FALSE
	EndGlobalSection
	GlobalSection(ExtensibilityGlobals) = postSolution
		SolutionGuid = {BD57BCE0-D3AA-4C71-BFA5-DA0F81860B8D}
	EndGlobalSection
EndGlobal
