
Microsoft Visual Studio Solution File, Format Version 12.00
# Visual Studio Version 16
VisualStudioVersion = 16.0.31702.278
MinimumVisualStudioVersion = 10.0.40219.1
Project("{8BC9CEB8-8B4A-11D0-8D11-00A0C91BC942}") = "ВВП15.5", "ВВП15.5\ВВП15.5.vcxproj", "{74D5D717-9649-4B8B-9160-EE64FF2B2DBA}"
EndProject
Global
	GlobalSection(SolutionConfigurationPlatforms) = preSolution
		Debug|x64 = Debug|x64
		Debug|x86 = Debug|x86
		Release|x64 = Release|x64
		Release|x86 = Release|x86
	EndGlobalSection
	GlobalSection(ProjectConfigurationPlatforms) = postSolution
		{74D5D717-9649-4B8B-9160-EE64FF2B2DBA}.Debug|x64.ActiveCfg = Debug|x64
		{74D5D717-9649-4B8B-9160-EE64FF2B2DBA}.Debug|x64.Build.0 = Debug|x64
		{74D5D717-9649-4B8B-9160-EE64FF2B2DBA}.Debug|x86.ActiveCfg = Debug|Win32
		{74D5D717-9649-4B8B-9160-EE64FF2B2DBA}.Debug|x86.Build.0 = Debug|Win32
		{74D5D717-9649-4B8B-9160-EE64FF2B2DBA}.Release|x64.ActiveCfg = Release|x64
		{74D5D717-9649-4B8B-9160-EE64FF2B2DBA}.Release|x64.Build.0 = Release|x64
		{74D5D717-9649-4B8B-9160-EE64FF2B2DBA}.Release|x86.ActiveCfg = Release|Win32
		{74D5D717-9649-4B8B-9160-EE64FF2B2DBA}.Release|x86.Build.0 = Release|Win32
	EndGlobalSection
	GlobalSection(SolutionProperties) = preSolution
		HideSolutionNode = FALSE
	EndGlobalSection
	GlobalSection(ExtensibilityGlobals) = postSolution
		SolutionGuid = {C767B388-D86D-446E-8200-5BD53A8CAF12}
	EndGlobalSection
EndGlobal
