
Microsoft Visual Studio Solution File, Format Version 12.00
# Visual Studio Version 16
VisualStudioVersion = 16.0.31702.278
MinimumVisualStudioVersion = 10.0.40219.1
Project("{8BC9CEB8-8B4A-11D0-8D11-00A0C91BC942}") = "ВВП.Лаб7.2", "ВВП.Лаб7.2\ВВП.Лаб7.2.vcxproj", "{A1E1CE1A-EF2D-446E-84DE-84A42EF390B6}"
EndProject
Global
	GlobalSection(SolutionConfigurationPlatforms) = preSolution
		Debug|x64 = Debug|x64
		Debug|x86 = Debug|x86
		Release|x64 = Release|x64
		Release|x86 = Release|x86
	EndGlobalSection
	GlobalSection(ProjectConfigurationPlatforms) = postSolution
		{A1E1CE1A-EF2D-446E-84DE-84A42EF390B6}.Debug|x64.ActiveCfg = Debug|x64
		{A1E1CE1A-EF2D-446E-84DE-84A42EF390B6}.Debug|x64.Build.0 = Debug|x64
		{A1E1CE1A-EF2D-446E-84DE-84A42EF390B6}.Debug|x86.ActiveCfg = Debug|Win32
		{A1E1CE1A-EF2D-446E-84DE-84A42EF390B6}.Debug|x86.Build.0 = Debug|Win32
		{A1E1CE1A-EF2D-446E-84DE-84A42EF390B6}.Release|x64.ActiveCfg = Release|x64
		{A1E1CE1A-EF2D-446E-84DE-84A42EF390B6}.Release|x64.Build.0 = Release|x64
		{A1E1CE1A-EF2D-446E-84DE-84A42EF390B6}.Release|x86.ActiveCfg = Release|Win32
		{A1E1CE1A-EF2D-446E-84DE-84A42EF390B6}.Release|x86.Build.0 = Release|Win32
	EndGlobalSection
	GlobalSection(SolutionProperties) = preSolution
		HideSolutionNode = FALSE
	EndGlobalSection
	GlobalSection(ExtensibilityGlobals) = postSolution
		SolutionGuid = {2F919791-FCC7-44DA-8C0A-78B1518C9804}
	EndGlobalSection
EndGlobal
