
Microsoft Visual Studio Solution File, Format Version 12.00
# Visual Studio Version 16
VisualStudioVersion = 16.0.31702.278
MinimumVisualStudioVersion = 10.0.40219.1
Project("{8BC9CEB8-8B4A-11D0-8D11-00A0C91BC942}") = "ВВП.Лаб4.5", "ВВП.Лаб4.5\ВВП.Лаб4.5.vcxproj", "{7EF7A066-7871-417C-B019-574DD6F29C48}"
EndProject
Global
	GlobalSection(SolutionConfigurationPlatforms) = preSolution
		Debug|x64 = Debug|x64
		Debug|x86 = Debug|x86
		Release|x64 = Release|x64
		Release|x86 = Release|x86
	EndGlobalSection
	GlobalSection(ProjectConfigurationPlatforms) = postSolution
		{7EF7A066-7871-417C-B019-574DD6F29C48}.Debug|x64.ActiveCfg = Debug|x64
		{7EF7A066-7871-417C-B019-574DD6F29C48}.Debug|x64.Build.0 = Debug|x64
		{7EF7A066-7871-417C-B019-574DD6F29C48}.Debug|x86.ActiveCfg = Debug|Win32
		{7EF7A066-7871-417C-B019-574DD6F29C48}.Debug|x86.Build.0 = Debug|Win32
		{7EF7A066-7871-417C-B019-574DD6F29C48}.Release|x64.ActiveCfg = Release|x64
		{7EF7A066-7871-417C-B019-574DD6F29C48}.Release|x64.Build.0 = Release|x64
		{7EF7A066-7871-417C-B019-574DD6F29C48}.Release|x86.ActiveCfg = Release|Win32
		{7EF7A066-7871-417C-B019-574DD6F29C48}.Release|x86.Build.0 = Release|Win32
	EndGlobalSection
	GlobalSection(SolutionProperties) = preSolution
		HideSolutionNode = FALSE
	EndGlobalSection
	GlobalSection(ExtensibilityGlobals) = postSolution
		SolutionGuid = {28A15BD5-B033-4435-9059-A3D1B97E2F99}
	EndGlobalSection
EndGlobal
