
Microsoft Visual Studio Solution File, Format Version 12.00
# Visual Studio Version 16
VisualStudioVersion = 16.0.31702.278
MinimumVisualStudioVersion = 10.0.40219.1
Project("{8BC9CEB8-8B4A-11D0-8D11-00A0C91BC942}") = "ВВПюЛаб6.3", "ВВПюЛаб6.3\ВВПюЛаб6.3.vcxproj", "{0F9F63D5-A594-4D8D-8E87-0C7B9A1C2FE2}"
EndProject
Global
	GlobalSection(SolutionConfigurationPlatforms) = preSolution
		Debug|x64 = Debug|x64
		Debug|x86 = Debug|x86
		Release|x64 = Release|x64
		Release|x86 = Release|x86
	EndGlobalSection
	GlobalSection(ProjectConfigurationPlatforms) = postSolution
		{0F9F63D5-A594-4D8D-8E87-0C7B9A1C2FE2}.Debug|x64.ActiveCfg = Debug|x64
		{0F9F63D5-A594-4D8D-8E87-0C7B9A1C2FE2}.Debug|x64.Build.0 = Debug|x64
		{0F9F63D5-A594-4D8D-8E87-0C7B9A1C2FE2}.Debug|x86.ActiveCfg = Debug|Win32
		{0F9F63D5-A594-4D8D-8E87-0C7B9A1C2FE2}.Debug|x86.Build.0 = Debug|Win32
		{0F9F63D5-A594-4D8D-8E87-0C7B9A1C2FE2}.Release|x64.ActiveCfg = Release|x64
		{0F9F63D5-A594-4D8D-8E87-0C7B9A1C2FE2}.Release|x64.Build.0 = Release|x64
		{0F9F63D5-A594-4D8D-8E87-0C7B9A1C2FE2}.Release|x86.ActiveCfg = Release|Win32
		{0F9F63D5-A594-4D8D-8E87-0C7B9A1C2FE2}.Release|x86.Build.0 = Release|Win32
	EndGlobalSection
	GlobalSection(SolutionProperties) = preSolution
		HideSolutionNode = FALSE
	EndGlobalSection
	GlobalSection(ExtensibilityGlobals) = postSolution
		SolutionGuid = {A6A000CF-0C04-4D52-BBEB-F5DC0FDAC32B}
	EndGlobalSection
EndGlobal
